schema: '2.0'
stages:
  train:
    cmd: ./train.sh
    deps:
    - path: deps.edn
      md5: 5376fdd6b6eaf456fa30def8f71910d2
      size: 709
    - path: src/train.clj
      md5: b5bd34e963b080ab9171bf1e22480f13
      size: 2128
    - path: test.arrow
      md5: 044e70620365604959786ba2aebc9f96
      size: 428426
    - path: train.arrow
      md5: e17a0868efa512c21e2a8cc90da78b7d
      size: 849786
    params:
      params.yaml:
        train.model_name: google/electra-base-discriminator
        train.model_type: electra
        train.num_train_epochs: 5
        train.sliding_window: true
        train.train_batch_size: 32
    outs:
    - path: eval.json
      md5: 08726b819fc00d473a49b2aff054bf6d
      size: 36
    - path: outputs
      md5: 0c34b090df3bcbaf18b28597a1dc39de.dir
      size: 17533231925
      nfiles: 153
  preprcess:
    cmd: clj preprocess.clj
    outs:
    - path: test.arrow
      md5: 9ec7b20767104d5e5163dd1b0b9c8d3a
      size: 249602
    - path: train.arrow
      md5: d927714523a1e5bd60c8940199158497
      size: 578642
  preprocess:
    cmd: clj -X preprocess/do-preprocess
    deps:
    - path: deps.edn
      md5: 5376fdd6b6eaf456fa30def8f71910d2
      size: 709
    - path: src/preprocess.clj
      md5: 1e2419c2ac24cc837caa23c19f832dac
      size: 954
    - path: test.csv
      md5: ff248529f207ea164d73636e5b1b251d
      size: 420783
    - path: train.csv
      md5: f147942c91d00d754503775341d13682
      size: 987712
    outs:
    - path: test.arrow
      md5: 044e70620365604959786ba2aebc9f96
      size: 428426
    - path: train.arrow
      md5: e17a0868efa512c21e2a8cc90da78b7d
      size: 849786
  predict_kaggle:
    cmd: clj -X predict_kaggle/predict-kaggle
    deps:
    - path: deps.edn
      md5: 5376fdd6b6eaf456fa30def8f71910d2
      size: 709
    - path: outputs
      md5: 0c34b090df3bcbaf18b28597a1dc39de.dir
      size: 17533231925
      nfiles: 153
    - path: src/predict_kaggle.clj
      md5: c1278d90c31ee86386a79ca2b733c47b
      size: 1224
    outs:
    - path: kaggle_submission.csv
      md5: 77136cba2914de0cb596682f13963d90
      size: 22746
